
Microsoft Visual Studio Solution File, Format Version 12.00
# Visual Studio Version 17
VisualStudioVersion = 17.6.33815.320
MinimumVisualStudioVersion = 10.0.40219.1
Project("{FAE04EC0-301F-11D3-BF4B-00C04F79EFBC}") = "SKF.Infrastructure.Readers", "AML.Infrastructure.Readers\SKF.Infrastructure.Readers.csproj", "{AF1418B1-FD07-47BD-A613-EBBB38D0EF68}"
EndProject
Project("{FAE04EC0-301F-11D3-BF4B-00C04F79EFBC}") = "SKF.IOC", "AML.IOC\SKF.IOC.csproj", "{174E0CF6-D839-4893-A76F-6A91CCA2B86A}"
EndProject
Project("{FAE04EC0-301F-11D3-BF4B-00C04F79EFBC}") = "SKF.infrastructure.Data", "AML.infrastructure.Data\SKF.infrastructure.Data.csproj", "{4A2CF174-007B-4528-BA54-0FEFE0B9A70A}"
EndProject
Project("{FAE04EC0-301F-11D3-BF4B-00C04F79EFBC}") = "SKF.Infrastructure.Data.EF", "AML.Infrastructure.Data.EF\SKF.Infrastructure.Data.EF.csproj", "{6C967094-1968-4066-801F-8DDD1A2C1874}"
EndProject
Project("{FAE04EC0-301F-11D3-BF4B-00C04F79EFBC}") = "SKF.Domain", "AML.Domain\SKF.Domain.csproj", "{AE558E4D-8F4D-4B72-98C2-BE9A4EE7A879}"
EndProject
Project("{FAE04EC0-301F-11D3-BF4B-00C04F79EFBC}") = "SKF.Serialization", "AML.Serialization\SKF.Serialization.csproj", "{34766154-A60F-4778-B398-DBD0A1635315}"
EndProject
Project("{FAE04EC0-301F-11D3-BF4B-00C04F79EFBC}") = "SKF.Infrastructure.Writers", "AML.Infrastructure.Writers\SKF.Infrastructure.Writers.csproj", "{7112F894-4681-43FB-9ACA-769A70E49709}"
EndProject
Project("{FAE04EC0-301F-11D3-BF4B-00C04F79EFBC}") = "SKF.Infrastructure.Connections", "AML.Infrastructure.Connections\SKF.Infrastructure.Connections.csproj", "{2016CE79-0C99-45D8-8F19-2BDB35806118}"
EndProject
Project("{2150E333-8FDC-42A3-9474-1A3956D46DE8}") = "Infrastructure", "Infrastructure", "{F15E4B6D-1F81-4D20-8AC7-7A0A4BDA7CEE}"
EndProject
Project("{FAE04EC0-301F-11D3-BF4B-00C04F79EFBC}") = "SKF.Infrastructure.Helpers", "SKF.Infrastructure.Validation\SKF.Infrastructure.Helpers.csproj", "{1999271D-BDE4-47B1-B9CF-E0A5A15BA387}"
EndProject
Project("{2150E333-8FDC-42A3-9474-1A3956D46DE8}") = "ServiceLayer", "ServiceLayer", "{E49E2449-569D-49C6-8273-F894D1F49478}"
EndProject
Project("{2150E333-8FDC-42A3-9474-1A3956D46DE8}") = "Connections", "Connections", "{F5D93F9C-6692-4591-8F16-0413E3274042}"
EndProject
Project("{9A19103F-16F7-4668-BE54-9A1E7A4F7556}") = "ISHPlusTest", "ISHPlusTest\ISHPlusTest.csproj", "{B5DF10A6-85B9-41DB-824B-7EF2AE5A60EF}"
EndProject
Project("{9A19103F-16F7-4668-BE54-9A1E7A4F7556}") = "SKF.Infrastructure.Mappers", "SKF.Infrastructure.Mappers\SKF.Infrastructure.Mappers.csproj", "{0600745A-003E-40BF-8C61-CDC404FB5A88}"
EndProject
Project("{2150E333-8FDC-42A3-9474-1A3956D46DE8}") = "Solution Items", "Solution Items", "{3979855C-6129-470E-88C6-9791479C6573}"
	ProjectSection(SolutionItems) = preProject
		.editorconfig = .editorconfig
	EndProjectSection
EndProject
Project("{9A19103F-16F7-4668-BE54-9A1E7A4F7556}") = "SKF.Connections.ConnectedServices", "SKF.Connections.ConnectedServices\SKF.Connections.ConnectedServices.csproj", "{5F07BB27-7496-46A2-8CD0-C2E1D71337E5}"
EndProject
Project("{2150E333-8FDC-42A3-9474-1A3956D46DE8}") = "EXEs", "EXEs", "{5DF07C97-1B06-464F-BA54-F8496AA0998D}"
EndProject
Project("{2150E333-8FDC-42A3-9474-1A3956D46DE8}") = "Calculators", "Calculators", "{A07EA243-CAED-4B8F-A2D5-E63C3B700C62}"
EndProject
Project("{888888A0-9F3D-457C-B088-3A5042F75D52}") = "SKF.Calculators.Python", "SKF.Infrastructure.Python\SKF.Calculators.Python.pyproj", "{3C78C718-CDE9-47A8-89F1-26CC5B5551A5}"
EndProject
Project("{FAE04EC0-301F-11D3-BF4B-00C04F79EFBC}") = "RunPythonEXE", "RunPythonEXE\RunPythonEXE.csproj", "{CE97A387-AFBF-4A56-8010-0B3AFE3B6723}"
EndProject
Project("{FAE04EC0-301F-11D3-BF4B-00C04F79EFBC}") = "ChatGPTTestEXE", "ChatGPTTestEXE\ChatGPTTestEXE.csproj", "{6DB9C800-3762-4BED-8A24-56E8CCDA2073}"
EndProject
Global
	GlobalSection(SolutionConfigurationPlatforms) = preSolution
		Debug|Any CPU = Debug|Any CPU
		Release|Any CPU = Release|Any CPU
	EndGlobalSection
	GlobalSection(ProjectConfigurationPlatforms) = postSolution
		{AF1418B1-FD07-47BD-A613-EBBB38D0EF68}.Debug|Any CPU.ActiveCfg = Debug|Any CPU
		{AF1418B1-FD07-47BD-A613-EBBB38D0EF68}.Debug|Any CPU.Build.0 = Debug|Any CPU
		{AF1418B1-FD07-47BD-A613-EBBB38D0EF68}.Release|Any CPU.ActiveCfg = Release|Any CPU
		{AF1418B1-FD07-47BD-A613-EBBB38D0EF68}.Release|Any CPU.Build.0 = Release|Any CPU
		{174E0CF6-D839-4893-A76F-6A91CCA2B86A}.Debug|Any CPU.ActiveCfg = Debug|Any CPU
		{174E0CF6-D839-4893-A76F-6A91CCA2B86A}.Debug|Any CPU.Build.0 = Debug|Any CPU
		{174E0CF6-D839-4893-A76F-6A91CCA2B86A}.Release|Any CPU.ActiveCfg = Release|Any CPU
		{174E0CF6-D839-4893-A76F-6A91CCA2B86A}.Release|Any CPU.Build.0 = Release|Any CPU
		{4A2CF174-007B-4528-BA54-0FEFE0B9A70A}.Debug|Any CPU.ActiveCfg = Debug|Any CPU
		{4A2CF174-007B-4528-BA54-0FEFE0B9A70A}.Debug|Any CPU.Build.0 = Debug|Any CPU
		{4A2CF174-007B-4528-BA54-0FEFE0B9A70A}.Release|Any CPU.ActiveCfg = Release|Any CPU
		{4A2CF174-007B-4528-BA54-0FEFE0B9A70A}.Release|Any CPU.Build.0 = Release|Any CPU
		{6C967094-1968-4066-801F-8DDD1A2C1874}.Debug|Any CPU.ActiveCfg = Debug|Any CPU
		{6C967094-1968-4066-801F-8DDD1A2C1874}.Debug|Any CPU.Build.0 = Debug|Any CPU
		{6C967094-1968-4066-801F-8DDD1A2C1874}.Release|Any CPU.ActiveCfg = Release|Any CPU
		{6C967094-1968-4066-801F-8DDD1A2C1874}.Release|Any CPU.Build.0 = Release|Any CPU
		{AE558E4D-8F4D-4B72-98C2-BE9A4EE7A879}.Debug|Any CPU.ActiveCfg = Debug|Any CPU
		{AE558E4D-8F4D-4B72-98C2-BE9A4EE7A879}.Debug|Any CPU.Build.0 = Debug|Any CPU
		{AE558E4D-8F4D-4B72-98C2-BE9A4EE7A879}.Release|Any CPU.ActiveCfg = Release|Any CPU
		{AE558E4D-8F4D-4B72-98C2-BE9A4EE7A879}.Release|Any CPU.Build.0 = Release|Any CPU
		{34766154-A60F-4778-B398-DBD0A1635315}.Debug|Any CPU.ActiveCfg = Debug|Any CPU
		{34766154-A60F-4778-B398-DBD0A1635315}.Debug|Any CPU.Build.0 = Debug|Any CPU
		{34766154-A60F-4778-B398-DBD0A1635315}.Release|Any CPU.ActiveCfg = Release|Any CPU
		{34766154-A60F-4778-B398-DBD0A1635315}.Release|Any CPU.Build.0 = Release|Any CPU
		{7112F894-4681-43FB-9ACA-769A70E49709}.Debug|Any CPU.ActiveCfg = Debug|Any CPU
		{7112F894-4681-43FB-9ACA-769A70E49709}.Debug|Any CPU.Build.0 = Debug|Any CPU
		{7112F894-4681-43FB-9ACA-769A70E49709}.Release|Any CPU.ActiveCfg = Release|Any CPU
		{7112F894-4681-43FB-9ACA-769A70E49709}.Release|Any CPU.Build.0 = Release|Any CPU
		{2016CE79-0C99-45D8-8F19-2BDB35806118}.Debug|Any CPU.ActiveCfg = Debug|Any CPU
		{2016CE79-0C99-45D8-8F19-2BDB35806118}.Debug|Any CPU.Build.0 = Debug|Any CPU
		{2016CE79-0C99-45D8-8F19-2BDB35806118}.Release|Any CPU.ActiveCfg = Release|Any CPU
		{2016CE79-0C99-45D8-8F19-2BDB35806118}.Release|Any CPU.Build.0 = Release|Any CPU
		{1999271D-BDE4-47B1-B9CF-E0A5A15BA387}.Debug|Any CPU.ActiveCfg = Debug|Any CPU
		{1999271D-BDE4-47B1-B9CF-E0A5A15BA387}.Debug|Any CPU.Build.0 = Debug|Any CPU
		{1999271D-BDE4-47B1-B9CF-E0A5A15BA387}.Release|Any CPU.ActiveCfg = Release|Any CPU
		{1999271D-BDE4-47B1-B9CF-E0A5A15BA387}.Release|Any CPU.Build.0 = Release|Any CPU
		{B5DF10A6-85B9-41DB-824B-7EF2AE5A60EF}.Debug|Any CPU.ActiveCfg = Debug|Any CPU
		{B5DF10A6-85B9-41DB-824B-7EF2AE5A60EF}.Debug|Any CPU.Build.0 = Debug|Any CPU
		{B5DF10A6-85B9-41DB-824B-7EF2AE5A60EF}.Release|Any CPU.ActiveCfg = Release|Any CPU
		{B5DF10A6-85B9-41DB-824B-7EF2AE5A60EF}.Release|Any CPU.Build.0 = Release|Any CPU
		{0600745A-003E-40BF-8C61-CDC404FB5A88}.Debug|Any CPU.ActiveCfg = Debug|Any CPU
		{0600745A-003E-40BF-8C61-CDC404FB5A88}.Debug|Any CPU.Build.0 = Debug|Any CPU
		{0600745A-003E-40BF-8C61-CDC404FB5A88}.Release|Any CPU.ActiveCfg = Release|Any CPU
		{0600745A-003E-40BF-8C61-CDC404FB5A88}.Release|Any CPU.Build.0 = Release|Any CPU
		{5F07BB27-7496-46A2-8CD0-C2E1D71337E5}.Debug|Any CPU.ActiveCfg = Debug|Any CPU
		{5F07BB27-7496-46A2-8CD0-C2E1D71337E5}.Debug|Any CPU.Build.0 = Debug|Any CPU
		{5F07BB27-7496-46A2-8CD0-C2E1D71337E5}.Release|Any CPU.ActiveCfg = Release|Any CPU
		{5F07BB27-7496-46A2-8CD0-C2E1D71337E5}.Release|Any CPU.Build.0 = Release|Any CPU
		{3C78C718-CDE9-47A8-89F1-26CC5B5551A5}.Debug|Any CPU.ActiveCfg = Debug|Any CPU
		{3C78C718-CDE9-47A8-89F1-26CC5B5551A5}.Release|Any CPU.ActiveCfg = Release|Any CPU
		{CE97A387-AFBF-4A56-8010-0B3AFE3B6723}.Debug|Any CPU.ActiveCfg = Debug|Any CPU
		{CE97A387-AFBF-4A56-8010-0B3AFE3B6723}.Debug|Any CPU.Build.0 = Debug|Any CPU
		{CE97A387-AFBF-4A56-8010-0B3AFE3B6723}.Release|Any CPU.ActiveCfg = Release|Any CPU
		{CE97A387-AFBF-4A56-8010-0B3AFE3B6723}.Release|Any CPU.Build.0 = Release|Any CPU
		{6DB9C800-3762-4BED-8A24-56E8CCDA2073}.Debug|Any CPU.ActiveCfg = Debug|Any CPU
		{6DB9C800-3762-4BED-8A24-56E8CCDA2073}.Debug|Any CPU.Build.0 = Debug|Any CPU
		{6DB9C800-3762-4BED-8A24-56E8CCDA2073}.Release|Any CPU.ActiveCfg = Release|Any CPU
		{6DB9C800-3762-4BED-8A24-56E8CCDA2073}.Release|Any CPU.Build.0 = Release|Any CPU
	EndGlobalSection
	GlobalSection(SolutionProperties) = preSolution
		HideSolutionNode = FALSE
	EndGlobalSection
	GlobalSection(NestedProjects) = preSolution
		{AF1418B1-FD07-47BD-A613-EBBB38D0EF68} = {F15E4B6D-1F81-4D20-8AC7-7A0A4BDA7CEE}
		{4A2CF174-007B-4528-BA54-0FEFE0B9A70A} = {F15E4B6D-1F81-4D20-8AC7-7A0A4BDA7CEE}
		{6C967094-1968-4066-801F-8DDD1A2C1874} = {F5D93F9C-6692-4591-8F16-0413E3274042}
		{7112F894-4681-43FB-9ACA-769A70E49709} = {F15E4B6D-1F81-4D20-8AC7-7A0A4BDA7CEE}
		{2016CE79-0C99-45D8-8F19-2BDB35806118} = {F5D93F9C-6692-4591-8F16-0413E3274042}
		{1999271D-BDE4-47B1-B9CF-E0A5A15BA387} = {F15E4B6D-1F81-4D20-8AC7-7A0A4BDA7CEE}
		{F5D93F9C-6692-4591-8F16-0413E3274042} = {F15E4B6D-1F81-4D20-8AC7-7A0A4BDA7CEE}
		{0600745A-003E-40BF-8C61-CDC404FB5A88} = {F15E4B6D-1F81-4D20-8AC7-7A0A4BDA7CEE}
		{5F07BB27-7496-46A2-8CD0-C2E1D71337E5} = {F5D93F9C-6692-4591-8F16-0413E3274042}
		{3C78C718-CDE9-47A8-89F1-26CC5B5551A5} = {A07EA243-CAED-4B8F-A2D5-E63C3B700C62}
		{CE97A387-AFBF-4A56-8010-0B3AFE3B6723} = {5DF07C97-1B06-464F-BA54-F8496AA0998D}
		{6DB9C800-3762-4BED-8A24-56E8CCDA2073} = {5DF07C97-1B06-464F-BA54-F8496AA0998D}
	EndGlobalSection
	GlobalSection(ExtensibilityGlobals) = postSolution
		SolutionGuid = {487DF2E8-FF3B-475F-8B7A-9293A1327888}
	EndGlobalSection
EndGlobal
